
Microsoft Visual Studio Solution File, Format Version 12.00
# Visual Studio 15
VisualStudioVersion = 15.0.26124.0
MinimumVisualStudioVersion = 15.0.26124.0
Project("{2150E333-8FDC-42A3-9474-1A3956D46DE8}") = "src", "src", "{F952D9DD-E5CA-4196-A0F3-FB10C2C16A9C}"
EndProject
Project("{FAE04EC0-301F-11D3-BF4B-00C04F79EFBC}") = "IdentityServer", "src\IdentityServer\IdentityServer.csproj", "{4B3ADB14-5C18-43CB-94D4-FF48E79093CE}"
EndProject
Project("{FAE04EC0-301F-11D3-BF4B-00C04F79EFBC}") = "Api", "src\Api\Api.csproj", "{5906FD59-D2FF-47C4-B524-246023211458}"
EndProject
Project("{FAE04EC0-301F-11D3-BF4B-00C04F79EFBC}") = "Client", "src\Client\Client.csproj", "{F90FED84-EC1F-46F4-BB89-51C8B9F70104}"
EndProject
Global
	GlobalSection(SolutionConfigurationPlatforms) = preSolution
		Debug|Any CPU = Debug|Any CPU
		Debug|x64 = Debug|x64
		Debug|x86 = Debug|x86
		Release|Any CPU = Release|Any CPU
		Release|x64 = Release|x64
		Release|x86 = Release|x86
	EndGlobalSection
	GlobalSection(SolutionProperties) = preSolution
		HideSolutionNode = FALSE
	EndGlobalSection
	GlobalSection(ProjectConfigurationPlatforms) = postSolution
		{4B3ADB14-5C18-43CB-94D4-FF48E79093CE}.Debug|Any CPU.ActiveCfg = Debug|Any CPU
		{4B3ADB14-5C18-43CB-94D4-FF48E79093CE}.Debug|Any CPU.Build.0 = Debug|Any CPU
		{4B3ADB14-5C18-43CB-94D4-FF48E79093CE}.Debug|x64.ActiveCfg = Debug|Any CPU
		{4B3ADB14-5C18-43CB-94D4-FF48E79093CE}.Debug|x64.Build.0 = Debug|Any CPU
		{4B3ADB14-5C18-43CB-94D4-FF48E79093CE}.Debug|x86.ActiveCfg = Debug|Any CPU
		{4B3ADB14-5C18-43CB-94D4-FF48E79093CE}.Debug|x86.Build.0 = Debug|Any CPU
		{4B3ADB14-5C18-43CB-94D4-FF48E79093CE}.Release|Any CPU.ActiveCfg = Release|Any CPU
		{4B3ADB14-5C18-43CB-94D4-FF48E79093CE}.Release|Any CPU.Build.0 = Release|Any CPU
		{4B3ADB14-5C18-43CB-94D4-FF48E79093CE}.Release|x64.ActiveCfg = Release|Any CPU
		{4B3ADB14-5C18-43CB-94D4-FF48E79093CE}.Release|x64.Build.0 = Release|Any CPU
		{4B3ADB14-5C18-43CB-94D4-FF48E79093CE}.Release|x86.ActiveCfg = Release|Any CPU
		{4B3ADB14-5C18-43CB-94D4-FF48E79093CE}.Release|x86.Build.0 = Release|Any CPU
		{5906FD59-D2FF-47C4-B524-246023211458}.Debug|Any CPU.ActiveCfg = Debug|Any CPU
		{5906FD59-D2FF-47C4-B524-246023211458}.Debug|Any CPU.Build.0 = Debug|Any CPU
		{5906FD59-D2FF-47C4-B524-246023211458}.Debug|x64.ActiveCfg = Debug|Any CPU
		{5906FD59-D2FF-47C4-B524-246023211458}.Debug|x64.Build.0 = Debug|Any CPU
		{5906FD59-D2FF-47C4-B524-246023211458}.Debug|x86.ActiveCfg = Debug|Any CPU
		{5906FD59-D2FF-47C4-B524-246023211458}.Debug|x86.Build.0 = Debug|Any CPU
		{5906FD59-D2FF-47C4-B524-246023211458}.Release|Any CPU.ActiveCfg = Release|Any CPU
		{5906FD59-D2FF-47C4-B524-246023211458}.Release|Any CPU.Build.0 = Release|Any CPU
		{5906FD59-D2FF-47C4-B524-246023211458}.Release|x64.ActiveCfg = Release|Any CPU
		{5906FD59-D2FF-47C4-B524-246023211458}.Release|x64.Build.0 = Release|Any CPU
		{5906FD59-D2FF-47C4-B524-246023211458}.Release|x86.ActiveCfg = Release|Any CPU
		{5906FD59-D2FF-47C4-B524-246023211458}.Release|x86.Build.0 = Release|Any CPU
		{F90FED84-EC1F-46F4-BB89-51C8B9F70104}.Debug|Any CPU.ActiveCfg = Debug|Any CPU
		{F90FED84-EC1F-46F4-BB89-51C8B9F70104}.Debug|Any CPU.Build.0 = Debug|Any CPU
		{F90FED84-EC1F-46F4-BB89-51C8B9F70104}.Debug|x64.ActiveCfg = Debug|Any CPU
		{F90FED84-EC1F-46F4-BB89-51C8B9F70104}.Debug|x64.Build.0 = Debug|Any CPU
		{F90FED84-EC1F-46F4-BB89-51C8B9F70104}.Debug|x86.ActiveCfg = Debug|Any CPU
		{F90FED84-EC1F-46F4-BB89-51C8B9F70104}.Debug|x86.Build.0 = Debug|Any CPU
		{F90FED84-EC1F-46F4-BB89-51C8B9F70104}.Release|Any CPU.ActiveCfg = Release|Any CPU
		{F90FED84-EC1F-46F4-BB89-51C8B9F70104}.Release|Any CPU.Build.0 = Release|Any CPU
		{F90FED84-EC1F-46F4-BB89-51C8B9F70104}.Release|x64.ActiveCfg = Release|Any CPU
		{F90FED84-EC1F-46F4-BB89-51C8B9F70104}.Release|x64.Build.0 = Release|Any CPU
		{F90FED84-EC1F-46F4-BB89-51C8B9F70104}.Release|x86.ActiveCfg = Release|Any CPU
		{F90FED84-EC1F-46F4-BB89-51C8B9F70104}.Release|x86.Build.0 = Release|Any CPU
	EndGlobalSection
	GlobalSection(NestedProjects) = preSolution
		{4B3ADB14-5C18-43CB-94D4-FF48E79093CE} = {F952D9DD-E5CA-4196-A0F3-FB10C2C16A9C}
		{5906FD59-D2FF-47C4-B524-246023211458} = {F952D9DD-E5CA-4196-A0F3-FB10C2C16A9C}
		{F90FED84-EC1F-46F4-BB89-51C8B9F70104} = {F952D9DD-E5CA-4196-A0F3-FB10C2C16A9C}
	EndGlobalSection
EndGlobal
